NeoBundleLock ctrlp.vim 7f74368d85bb521951dd58123349ce66b947d058
NeoBundleLock neobundle.vim 663066de4916d2e9defd44f9f4b9db9e8da33751
NeoBundleLock neosnippet-snippets 4e7b0a3962742eccaae298100e23e599d384ea67
NeoBundleLock neosnippet.vim e908126f402c4c0f4ff6b21c9dd0e5349f39e585
NeoBundleLock powerline 6e2e0b2f9221fbff117be3d190f9293b40ba64cd
NeoBundleLock vim-colors-solarized 528a59f26d12278698bb946f8fb82a63711eec21
NeoBundleLock vim-colorschemes 28a989b28457e38df620e4c7ab23e224aff70efe
NeoBundleLock vim-fugitive 9835920a3c91236021fc8c88cc4157304e24356b
NeoBundleLock vimshell 3787e52766812d8b99a93ccdda57517bc2a0bab6
